
Microsoft Visual Studio Solution File, Format Version 12.00
# Visual Studio Version 18
VisualStudioVersion = 18.5.11626.173 insiders
MinimumVisualStudioVersion = 10.0.40219.1
Project("{F2A71F9B-5D33-465A-A702-920D77279786}") = "Assignment9", "Assignment9.fsproj", "{5B29568A-644B-4A90-D3E9-B4A6F93464F8}"
EndProject
Global
	GlobalSection(SolutionConfigurationPlatforms) = preSolution
		Debug|Any CPU = Debug|Any CPU
		Release|Any CPU = Release|Any CPU
	EndGlobalSection
	GlobalSection(ProjectConfigurationPlatforms) = postSolution
		{5B29568A-644B-4A90-D3E9-B4A6F93464F8}.Debug|Any CPU.ActiveCfg = Debug|Any CPU
		{5B29568A-644B-4A90-D3E9-B4A6F93464F8}.Debug|Any CPU.Build.0 = Debug|Any CPU
		{5B29568A-644B-4A90-D3E9-B4A6F93464F8}.Release|Any CPU.ActiveCfg = Release|Any CPU
		{5B29568A-644B-4A90-D3E9-B4A6F93464F8}.Release|Any CPU.Build.0 = Release|Any CPU
	EndGlobalSection
	GlobalSection(SolutionProperties) = preSolution
		HideSolutionNode = FALSE
	EndGlobalSection
	GlobalSection(ExtensibilityGlobals) = postSolution
		SolutionGuid = {34E8EC45-02B9-4EA8-8B31-81BD4AC1186C}
	EndGlobalSection
EndGlobal
