
Microsoft Visual Studio Solution File, Format Version 12.00
# Visual Studio Version 18
VisualStudioVersion = 18.5.11605.296 insiders
MinimumVisualStudioVersion = 10.0.40219.1
Project("{F2A71F9B-5D33-465A-A702-920D77279786}") = "Assignment7", "Assignment7\Assignment7.fsproj", "{934E6B01-15E7-3105-DDF9-64575AF92016}"
EndProject
Global
	GlobalSection(SolutionConfigurationPlatforms) = preSolution
		Debug|Any CPU = Debug|Any CPU
		Release|Any CPU = Release|Any CPU
	EndGlobalSection
	GlobalSection(ProjectConfigurationPlatforms) = postSolution
		{934E6B01-15E7-3105-DDF9-64575AF92016}.Debug|Any CPU.ActiveCfg = Debug|Any CPU
		{934E6B01-15E7-3105-DDF9-64575AF92016}.Debug|Any CPU.Build.0 = Debug|Any CPU
		{934E6B01-15E7-3105-DDF9-64575AF92016}.Release|Any CPU.ActiveCfg = Release|Any CPU
		{934E6B01-15E7-3105-DDF9-64575AF92016}.Release|Any CPU.Build.0 = Release|Any CPU
	EndGlobalSection
	GlobalSection(SolutionProperties) = preSolution
		HideSolutionNode = FALSE
	EndGlobalSection
	GlobalSection(ExtensibilityGlobals) = postSolution
		SolutionGuid = {7BA88F96-721A-4806-8E00-2A2304EF58D7}
	EndGlobalSection
EndGlobal
